
Microsoft Visual Studio Solution File, Format Version 12.00
# Visual Studio Version 17
VisualStudioVersion = 17.11.35222.181
MinimumVisualStudioVersion = 10.0.40219.1
Project("{2150E333-8FDC-42A3-9474-1A3956D46DE8}") = "Projects", "Projects", "{1C3A4DC0-C172-48DC-A761-08FBFD12F2C2}"
EndProject
Project("{2150E333-8FDC-42A3-9474-1A3956D46DE8}") = "Libs", "Libs", "{6C94D329-A01C-49E0-8661-AF359CECBA9C}"
EndProject
Project("{9A19103F-16F7-4668-BE54-9A1E7A4F7556}") = "NX.Projects.UAPI", "Projects\NX.Projects.UAPI\NX.Projects.UAPI.csproj", "{18599945-FEB8-4E09-A291-22EEEDABBCEC}"
EndProject
Project("{FAE04EC0-301F-11D3-BF4B-00C04F79EFBC}") = "NX.Libs.CoreLib", "Libs\NX.Libs.CoreLib\NX.Libs.CoreLib.csproj", "{4595D5D1-C081-4A41-BC19-D285B0F9E140}"
EndProject
Global
	GlobalSection(SolutionConfigurationPlatforms) = preSolution
		Debug|Any CPU = Debug|Any CPU
		Release|Any CPU = Release|Any CPU
	EndGlobalSection
	GlobalSection(ProjectConfigurationPlatforms) = postSolution
		{18599945-FEB8-4E09-A291-22EEEDABBCEC}.Debug|Any CPU.ActiveCfg = Debug|Any CPU
		{18599945-FEB8-4E09-A291-22EEEDABBCEC}.Debug|Any CPU.Build.0 = Debug|Any CPU
		{18599945-FEB8-4E09-A291-22EEEDABBCEC}.Release|Any CPU.ActiveCfg = Release|Any CPU
		{18599945-FEB8-4E09-A291-22EEEDABBCEC}.Release|Any CPU.Build.0 = Release|Any CPU
		{4595D5D1-C081-4A41-BC19-D285B0F9E140}.Debug|Any CPU.ActiveCfg = Debug|Any CPU
		{4595D5D1-C081-4A41-BC19-D285B0F9E140}.Debug|Any CPU.Build.0 = Debug|Any CPU
		{4595D5D1-C081-4A41-BC19-D285B0F9E140}.Release|Any CPU.ActiveCfg = Release|Any CPU
		{4595D5D1-C081-4A41-BC19-D285B0F9E140}.Release|Any CPU.Build.0 = Release|Any CPU
	EndGlobalSection
	GlobalSection(SolutionProperties) = preSolution
		HideSolutionNode = FALSE
	EndGlobalSection
	GlobalSection(NestedProjects) = preSolution
		{18599945-FEB8-4E09-A291-22EEEDABBCEC} = {1C3A4DC0-C172-48DC-A761-08FBFD12F2C2}
		{4595D5D1-C081-4A41-BC19-D285B0F9E140} = {6C94D329-A01C-49E0-8661-AF359CECBA9C}
	EndGlobalSection
	GlobalSection(ExtensibilityGlobals) = postSolution
		SolutionGuid = {B69F039E-2BF3-4D0D-8538-6A699C7F37C6}
	EndGlobalSection
EndGlobal
